
Microsoft Visual Studio Solution File, Format Version 12.00
# Visual Studio Version 16
VisualStudioVersion = 16.0.31313.79
MinimumVisualStudioVersion = 10.0.40219.1
Project("{FAE04EC0-301F-11D3-BF4B-00C04F79EFBC}") = "HomeTestDataOfAFile", "HomeTestDataOfAFile.csproj", "{A10C48E1-16ED-4063-B090-F7301562D79F}"
EndProject
Global
	GlobalSection(SolutionConfigurationPlatforms) = preSolution
		Debug|Any CPU = Debug|Any CPU
		Release|Any CPU = Release|Any CPU
	EndGlobalSection
	GlobalSection(ProjectConfigurationPlatforms) = postSolution
		{A10C48E1-16ED-4063-B090-F7301562D79F}.Debug|Any CPU.ActiveCfg = Debug|Any CPU
		{A10C48E1-16ED-4063-B090-F7301562D79F}.Debug|Any CPU.Build.0 = Debug|Any CPU
		{A10C48E1-16ED-4063-B090-F7301562D79F}.Release|Any CPU.ActiveCfg = Release|Any CPU
		{A10C48E1-16ED-4063-B090-F7301562D79F}.Release|Any CPU.Build.0 = Release|Any CPU
	EndGlobalSection
	GlobalSection(SolutionProperties) = preSolution
		HideSolutionNode = FALSE
	EndGlobalSection
	GlobalSection(ExtensibilityGlobals) = postSolution
		SolutionGuid = {A5E40BA2-FF5C-4AB2-B9A2-A518A696DF53}
	EndGlobalSection
EndGlobal
